
Microsoft Visual Studio Solution File, Format Version 12.00
# Visual Studio 14
VisualStudioVersion = 14.0.25123.0
MinimumVisualStudioVersion = 10.0.40219.1
Project("{FAE04EC0-301F-11D3-BF4B-00C04F79EFBC}") = "PlayClubVR", "PlayClubVR\PlayClubVR.csproj", "{BE0FD119-262B-42C0-BE1F-8BCE0AF022D8}"
EndProject
Project("{FAE04EC0-301F-11D3-BF4B-00C04F79EFBC}") = "VRGIN.U46", "VRGIN\VRGIN\VRGIN.U46.csproj", "{8FE87229-42A4-4CB0-846A-7A2726569B17}"
EndProject
Project("{FAE04EC0-301F-11D3-BF4B-00C04F79EFBC}") = "PlayClubStudioVR", "PlayClubStudioVR\PlayClubStudioVR.csproj", "{9F6E1BC0-2C48-433E-A8C7-5C21DB635C99}"
EndProject
Project("{FAE04EC0-301F-11D3-BF4B-00C04F79EFBC}") = "GamePadClub", "GamePadClub\GamePadClub.csproj", "{8CF2E8AE-B1CA-4B00-B997-74622BDAF627}"
EndProject
Global
	GlobalSection(SolutionConfigurationPlatforms) = preSolution
		Debug|Any CPU = Debug|Any CPU
		Install|Any CPU = Install|Any CPU
		Release|Any CPU = Release|Any CPU
	EndGlobalSection
	GlobalSection(ProjectConfigurationPlatforms) = postSolution
		{BE0FD119-262B-42C0-BE1F-8BCE0AF022D8}.Debug|Any CPU.ActiveCfg = Debug|Any CPU
		{BE0FD119-262B-42C0-BE1F-8BCE0AF022D8}.Debug|Any CPU.Build.0 = Debug|Any CPU
		{BE0FD119-262B-42C0-BE1F-8BCE0AF022D8}.Install|Any CPU.ActiveCfg = Install|Any CPU
		{BE0FD119-262B-42C0-BE1F-8BCE0AF022D8}.Install|Any CPU.Build.0 = Install|Any CPU
		{BE0FD119-262B-42C0-BE1F-8BCE0AF022D8}.Release|Any CPU.ActiveCfg = Release|Any CPU
		{BE0FD119-262B-42C0-BE1F-8BCE0AF022D8}.Release|Any CPU.Build.0 = Release|Any CPU
		{8FE87229-42A4-4CB0-846A-7A2726569B17}.Debug|Any CPU.ActiveCfg = Debug|Any CPU
		{8FE87229-42A4-4CB0-846A-7A2726569B17}.Debug|Any CPU.Build.0 = Debug|Any CPU
		{8FE87229-42A4-4CB0-846A-7A2726569B17}.Install|Any CPU.ActiveCfg = Release|Any CPU
		{8FE87229-42A4-4CB0-846A-7A2726569B17}.Install|Any CPU.Build.0 = Release|Any CPU
		{8FE87229-42A4-4CB0-846A-7A2726569B17}.Release|Any CPU.ActiveCfg = Release|Any CPU
		{8FE87229-42A4-4CB0-846A-7A2726569B17}.Release|Any CPU.Build.0 = Release|Any CPU
		{9F6E1BC0-2C48-433E-A8C7-5C21DB635C99}.Debug|Any CPU.ActiveCfg = Debug|Any CPU
		{9F6E1BC0-2C48-433E-A8C7-5C21DB635C99}.Debug|Any CPU.Build.0 = Debug|Any CPU
		{9F6E1BC0-2C48-433E-A8C7-5C21DB635C99}.Install|Any CPU.ActiveCfg = Install|Any CPU
		{9F6E1BC0-2C48-433E-A8C7-5C21DB635C99}.Install|Any CPU.Build.0 = Install|Any CPU
		{9F6E1BC0-2C48-433E-A8C7-5C21DB635C99}.Release|Any CPU.ActiveCfg = Release|Any CPU
		{9F6E1BC0-2C48-433E-A8C7-5C21DB635C99}.Release|Any CPU.Build.0 = Release|Any CPU
		{8CF2E8AE-B1CA-4B00-B997-74622BDAF627}.Debug|Any CPU.ActiveCfg = Debug|Any CPU
		{8CF2E8AE-B1CA-4B00-B997-74622BDAF627}.Debug|Any CPU.Build.0 = Debug|Any CPU
		{8CF2E8AE-B1CA-4B00-B997-74622BDAF627}.Install|Any CPU.ActiveCfg = Release|Any CPU
		{8CF2E8AE-B1CA-4B00-B997-74622BDAF627}.Install|Any CPU.Build.0 = Release|Any CPU
		{8CF2E8AE-B1CA-4B00-B997-74622BDAF627}.Release|Any CPU.ActiveCfg = Release|Any CPU
		{8CF2E8AE-B1CA-4B00-B997-74622BDAF627}.Release|Any CPU.Build.0 = Release|Any CPU
	EndGlobalSection
	GlobalSection(SolutionProperties) = preSolution
		HideSolutionNode = FALSE
	EndGlobalSection
EndGlobal
